
Microsoft Visual Studio Solution File, Format Version 12.00
# Visual Studio Version 17
VisualStudioVersion = 17.7.34221.43
MinimumVisualStudioVersion = 10.0.40219.1
Project("{FAE04EC0-301F-11D3-BF4B-00C04F79EFBC}") = "HW2PokerJokbo", "HW2PokerJokbo\HW2PokerJokbo.csproj", "{EFD59128-D2FA-4769-AB4A-FAA11E227B09}"
EndProject
Global
	GlobalSection(SolutionConfigurationPlatforms) = preSolution
		Debug|Any CPU = Debug|Any CPU
		Release|Any CPU = Release|Any CPU
	EndGlobalSection
	GlobalSection(ProjectConfigurationPlatforms) = postSolution
		{EFD59128-D2FA-4769-AB4A-FAA11E227B09}.Debug|Any CPU.ActiveCfg = Debug|Any CPU
		{EFD59128-D2FA-4769-AB4A-FAA11E227B09}.Debug|Any CPU.Build.0 = Debug|Any CPU
		{EFD59128-D2FA-4769-AB4A-FAA11E227B09}.Release|Any CPU.ActiveCfg = Release|Any CPU
		{EFD59128-D2FA-4769-AB4A-FAA11E227B09}.Release|Any CPU.Build.0 = Release|Any CPU
	EndGlobalSection
	GlobalSection(SolutionProperties) = preSolution
		HideSolutionNode = FALSE
	EndGlobalSection
	GlobalSection(ExtensibilityGlobals) = postSolution
		SolutionGuid = {A3A27160-6981-4549-8B47-E51D903E5C52}
	EndGlobalSection
EndGlobal
