
Microsoft Visual Studio Solution File, Format Version 12.00
# Visual Studio Version 17
VisualStudioVersion = 17.8.34330.188
MinimumVisualStudioVersion = 10.0.40219.1
Project("{FAE04EC0-301F-11D3-BF4B-00C04F79EFBC}") = "W1502WPFCanvas", "W1502WPFCanvas\W1502WPFCanvas.csproj", "{7FA4D0FC-5600-40E4-8137-437C29328282}"
EndProject
Global
	GlobalSection(SolutionConfigurationPlatforms) = preSolution
		Debug|Any CPU = Debug|Any CPU
		Release|Any CPU = Release|Any CPU
	EndGlobalSection
	GlobalSection(ProjectConfigurationPlatforms) = postSolution
		{7FA4D0FC-5600-40E4-8137-437C29328282}.Debug|Any CPU.ActiveCfg = Debug|Any CPU
		{7FA4D0FC-5600-40E4-8137-437C29328282}.Debug|Any CPU.Build.0 = Debug|Any CPU
		{7FA4D0FC-5600-40E4-8137-437C29328282}.Release|Any CPU.ActiveCfg = Release|Any CPU
		{7FA4D0FC-5600-40E4-8137-437C29328282}.Release|Any CPU.Build.0 = Release|Any CPU
	EndGlobalSection
	GlobalSection(SolutionProperties) = preSolution
		HideSolutionNode = FALSE
	EndGlobalSection
	GlobalSection(ExtensibilityGlobals) = postSolution
		SolutionGuid = {796B8643-C62B-4F16-913B-345E2FC60AB1}
	EndGlobalSection
EndGlobal
