
Microsoft Visual Studio Solution File, Format Version 12.00
# Visual Studio Version 17
VisualStudioVersion = 17.8.34330.188
MinimumVisualStudioVersion = 10.0.40219.1
Project("{FAE04EC0-301F-11D3-BF4B-00C04F79EFBC}") = "TPDataGrid", "TPDataGrid\TPDataGrid.csproj", "{D2CF2A5F-DBD8-42CB-9AE0-4DDE28102C25}"
EndProject
Global
	GlobalSection(SolutionConfigurationPlatforms) = preSolution
		Debug|Any CPU = Debug|Any CPU
		Release|Any CPU = Release|Any CPU
	EndGlobalSection
	GlobalSection(ProjectConfigurationPlatforms) = postSolution
		{D2CF2A5F-DBD8-42CB-9AE0-4DDE28102C25}.Debug|Any CPU.ActiveCfg = Debug|Any CPU
		{D2CF2A5F-DBD8-42CB-9AE0-4DDE28102C25}.Debug|Any CPU.Build.0 = Debug|Any CPU
		{D2CF2A5F-DBD8-42CB-9AE0-4DDE28102C25}.Release|Any CPU.ActiveCfg = Release|Any CPU
		{D2CF2A5F-DBD8-42CB-9AE0-4DDE28102C25}.Release|Any CPU.Build.0 = Release|Any CPU
	EndGlobalSection
	GlobalSection(SolutionProperties) = preSolution
		HideSolutionNode = FALSE
	EndGlobalSection
	GlobalSection(ExtensibilityGlobals) = postSolution
		SolutionGuid = {81BBEB18-C0FF-4E3B-9DFE-A30DAD7BDEEE}
	EndGlobalSection
EndGlobal
