
Microsoft Visual Studio Solution File, Format Version 12.00
# Visual Studio Version 17
VisualStudioVersion = 17.7.34221.43
MinimumVisualStudioVersion = 10.0.40219.1
Project("{FAE04EC0-301F-11D3-BF4B-00C04F79EFBC}") = "W11WPFCounter", "W11WPFCounter\W11WPFCounter.csproj", "{E5BDAF5B-65FD-4582-901A-FBEE2AA9991C}"
EndProject
Global
	GlobalSection(SolutionConfigurationPlatforms) = preSolution
		Debug|Any CPU = Debug|Any CPU
		Release|Any CPU = Release|Any CPU
	EndGlobalSection
	GlobalSection(ProjectConfigurationPlatforms) = postSolution
		{E5BDAF5B-65FD-4582-901A-FBEE2AA9991C}.Debug|Any CPU.ActiveCfg = Debug|Any CPU
		{E5BDAF5B-65FD-4582-901A-FBEE2AA9991C}.Debug|Any CPU.Build.0 = Debug|Any CPU
		{E5BDAF5B-65FD-4582-901A-FBEE2AA9991C}.Release|Any CPU.ActiveCfg = Release|Any CPU
		{E5BDAF5B-65FD-4582-901A-FBEE2AA9991C}.Release|Any CPU.Build.0 = Release|Any CPU
	EndGlobalSection
	GlobalSection(SolutionProperties) = preSolution
		HideSolutionNode = FALSE
	EndGlobalSection
	GlobalSection(ExtensibilityGlobals) = postSolution
		SolutionGuid = {2BEF9B35-B001-4B66-A7F0-43BB7AD522D7}
	EndGlobalSection
EndGlobal
